
Microsoft Visual Studio Solution File, Format Version 12.00
# Visual Studio 14
VisualStudioVersion = 14.0.25420.1
MinimumVisualStudioVersion = 10.0.40219.1
Project("{FAE04EC0-301F-11D3-BF4B-00C04F79EFBC}") = "Test.XmlReader", "Test.XmlReader\Test.XmlReader.csproj", "{1C307349-79CB-4030-BB47-D0A056E7B6CC}"
EndProject
Project("{FAE04EC0-301F-11D3-BF4B-00C04F79EFBC}") = "Test.Common", "Test.Common\Test.Common.csproj", "{9A202FB3-532C-4E35-99B3-30DD59EDD553}"
EndProject
Project("{FAE04EC0-301F-11D3-BF4B-00C04F79EFBC}") = "Test.DataLoader", "Test.DataLoader\Test.DataLoader.csproj", "{3AB4EC24-EE76-41FF-8C5E-3B56DF59AFB2}"
EndProject
Project("{FAE04EC0-301F-11D3-BF4B-00C04F79EFBC}") = "Test.Database", "Test.Database\Test.Database.csproj", "{DAF09380-DB26-4C9D-AC25-863688922B63}"
EndProject
Project("{FAE04EC0-301F-11D3-BF4B-00C04F79EFBC}") = "Test.Wpf", "Test.Wpf\Test.Wpf.csproj", "{83C7F533-631C-4BC9-A08C-17DD35E662EB}"
EndProject
Project("{FAE04EC0-301F-11D3-BF4B-00C04F79EFBC}") = "Test.PathFinder", "Test.PathFinder\Test.PathFinder.csproj", "{061BED7D-0196-4005-93DD-79001F19AA9D}"
EndProject
Project("{FAE04EC0-301F-11D3-BF4B-00C04F79EFBC}") = "Test.ServiceWcf", "Test.ServiceWcf\Test.ServiceWcf.csproj", "{5F12CE2B-54C0-4CFB-BE96-0B9A2493A51D}"
EndProject
Global
	GlobalSection(SolutionConfigurationPlatforms) = preSolution
		Debug|Any CPU = Debug|Any CPU
		Release|Any CPU = Release|Any CPU
	EndGlobalSection
	GlobalSection(ProjectConfigurationPlatforms) = postSolution
		{1C307349-79CB-4030-BB47-D0A056E7B6CC}.Debug|Any CPU.ActiveCfg = Debug|Any CPU
		{1C307349-79CB-4030-BB47-D0A056E7B6CC}.Debug|Any CPU.Build.0 = Debug|Any CPU
		{1C307349-79CB-4030-BB47-D0A056E7B6CC}.Release|Any CPU.ActiveCfg = Release|Any CPU
		{1C307349-79CB-4030-BB47-D0A056E7B6CC}.Release|Any CPU.Build.0 = Release|Any CPU
		{9A202FB3-532C-4E35-99B3-30DD59EDD553}.Debug|Any CPU.ActiveCfg = Debug|Any CPU
		{9A202FB3-532C-4E35-99B3-30DD59EDD553}.Debug|Any CPU.Build.0 = Debug|Any CPU
		{9A202FB3-532C-4E35-99B3-30DD59EDD553}.Release|Any CPU.ActiveCfg = Release|Any CPU
		{9A202FB3-532C-4E35-99B3-30DD59EDD553}.Release|Any CPU.Build.0 = Release|Any CPU
		{3AB4EC24-EE76-41FF-8C5E-3B56DF59AFB2}.Debug|Any CPU.ActiveCfg = Debug|Any CPU
		{3AB4EC24-EE76-41FF-8C5E-3B56DF59AFB2}.Debug|Any CPU.Build.0 = Debug|Any CPU
		{3AB4EC24-EE76-41FF-8C5E-3B56DF59AFB2}.Release|Any CPU.ActiveCfg = Release|Any CPU
		{3AB4EC24-EE76-41FF-8C5E-3B56DF59AFB2}.Release|Any CPU.Build.0 = Release|Any CPU
		{DAF09380-DB26-4C9D-AC25-863688922B63}.Debug|Any CPU.ActiveCfg = Debug|Any CPU
		{DAF09380-DB26-4C9D-AC25-863688922B63}.Debug|Any CPU.Build.0 = Debug|Any CPU
		{DAF09380-DB26-4C9D-AC25-863688922B63}.Release|Any CPU.ActiveCfg = Release|Any CPU
		{DAF09380-DB26-4C9D-AC25-863688922B63}.Release|Any CPU.Build.0 = Release|Any CPU
		{83C7F533-631C-4BC9-A08C-17DD35E662EB}.Debug|Any CPU.ActiveCfg = Debug|Any CPU
		{83C7F533-631C-4BC9-A08C-17DD35E662EB}.Debug|Any CPU.Build.0 = Debug|Any CPU
		{83C7F533-631C-4BC9-A08C-17DD35E662EB}.Release|Any CPU.ActiveCfg = Release|Any CPU
		{83C7F533-631C-4BC9-A08C-17DD35E662EB}.Release|Any CPU.Build.0 = Release|Any CPU
		{061BED7D-0196-4005-93DD-79001F19AA9D}.Debug|Any CPU.ActiveCfg = Debug|Any CPU
		{061BED7D-0196-4005-93DD-79001F19AA9D}.Debug|Any CPU.Build.0 = Debug|Any CPU
		{061BED7D-0196-4005-93DD-79001F19AA9D}.Release|Any CPU.ActiveCfg = Release|Any CPU
		{061BED7D-0196-4005-93DD-79001F19AA9D}.Release|Any CPU.Build.0 = Release|Any CPU
		{5F12CE2B-54C0-4CFB-BE96-0B9A2493A51D}.Debug|Any CPU.ActiveCfg = Debug|Any CPU
		{5F12CE2B-54C0-4CFB-BE96-0B9A2493A51D}.Debug|Any CPU.Build.0 = Debug|Any CPU
		{5F12CE2B-54C0-4CFB-BE96-0B9A2493A51D}.Release|Any CPU.ActiveCfg = Release|Any CPU
		{5F12CE2B-54C0-4CFB-BE96-0B9A2493A51D}.Release|Any CPU.Build.0 = Release|Any CPU
	EndGlobalSection
	GlobalSection(SolutionProperties) = preSolution
		HideSolutionNode = FALSE
	EndGlobalSection
EndGlobal
